// !$*UTF8*$!
{
	archiveVersion = 1;
	classes = {
	};
	objectVersion = 46;
	objects = {

/* Begin PBXBuildFile section */
		3167CDF91D71C0A10006BE54 /* AppDelegate.swift in Sources */ = {isa = PBXBuildFile; fileRef = 3167CDF81D71C0A10006BE54 /* AppDelegate.swift */; };
		3167CDFB1D71C0A10006BE54 /* ViewController.swift in Sources */ = {isa = PBXBuildFile; fileRef = 3167CDFA1D71C0A10006BE54 /* ViewController.swift */; };
		3167CDFE1D71C0A10006BE54 /* Main.storyboard in Resources */ = {isa = PBXBuildFile; fileRef = 3167CDFC1D71C0A10006BE54 /* Main.storyboard */; };
		3167CE011D71C0A10006BE54 /* CartCoreDataA1.xcdatamodeld in Sources */ = {isa = PBXBuildFile; fileRef = 3167CDFF1D71C0A10006BE54 /* CartCoreDataA1.xcdatamodeld */; };
		3167CE031D71C0A10006BE54 /* Assets.xcassets in Resources */ = {isa = PBXBuildFile; fileRef = 3167CE021D71C0A10006BE54 /* Assets.xcassets */; };
		3167CE061D71C0A10006BE54 /* LaunchScreen.storyboard in Resources */ = {isa = PBXBuildFile; fileRef = 3167CE041D71C0A10006BE54 /* LaunchScreen.storyboard */; };
		3167CE111D71C0A10006BE54 /* CartCoreDataA1Tests.swift in Sources */ = {isa = PBXBuildFile; fileRef = 3167CE101D71C0A10006BE54 /* CartCoreDataA1Tests.swift */; };
		3167CE1C1D71C0A10006BE54 /* CartCoreDataA1UITests.swift in Sources */ = {isa = PBXBuildFile; fileRef = 3167CE1B1D71C0A10006BE54 /* CartCoreDataA1UITests.swift */; };
		3167CE2A1D71C1CC0006BE54 /* Page1ViewController.swift in Sources */ = {isa = PBXBuildFile; fileRef = 3167CE291D71C1CC0006BE54 /* Page1ViewController.swift */; };
		3167CE2C1D71C1D10006BE54 /* Page2ViewController.swift in Sources */ = {isa = PBXBuildFile; fileRef = 3167CE2B1D71C1D10006BE54 /* Page2ViewController.swift */; };
		3167CE301D71C22B0006BE54 /* PageOptionViewController.swift in Sources */ = {isa = PBXBuildFile; fileRef = 3167CE2F1D71C22B0006BE54 /* PageOptionViewController.swift */; };
		3167CE341D71C3BC0006BE54 /* Item+CoreDataProperties.swift in Sources */ = {isa = PBXBuildFile; fileRef = 3167CE321D71C3BC0006BE54 /* Item+CoreDataProperties.swift */; };
		3167CE351D71C3BC0006BE54 /* Item.swift in Sources */ = {isa = PBXBuildFile; fileRef = 3167CE331D71C3BC0006BE54 /* Item.swift */; };
		3167CE381D71C7FD0006BE54 /* PageProductViewController.swift in Sources */ = {isa = PBXBuildFile; fileRef = 3167CE371D71C7FD0006BE54 /* PageProductViewController.swift */; };
		3167CE3A1D71CC480006BE54 /* PageColorViewController.swift in Sources */ = {isa = PBXBuildFile; fileRef = 3167CE391D71CC480006BE54 /* PageColorViewController.swift */; };
		3167CE3C1D71CC4E0006BE54 /* PageSizeViewController.swift in Sources */ = {isa = PBXBuildFile; fileRef = 3167CE3B1D71CC4E0006BE54 /* PageSizeViewController.swift */; };
		3167CE3E1D71CFDA0006BE54 /* Page2Cell0TableViewCell.swift in Sources */ = {isa = PBXBuildFile; fileRef = 3167CE3D1D71CFDA0006BE54 /* Page2Cell0TableViewCell.swift */; };
		3167CE401D71E5240006BE54 /* GenaralClass.swift in Sources */ = {isa = PBXBuildFile; fileRef = 3167CE3F1D71E5240006BE54 /* GenaralClass.swift */; };
		3167CE421D72E0370006BE54 /* PageOptionQuiltyTableViewCell.swift in Sources */ = {isa = PBXBuildFile; fileRef = 3167CE411D72E0370006BE54 /* PageOptionQuiltyTableViewCell.swift */; };
/* End PBXBuildFile section */

/* Begin PBXContainerItemProxy section */
		3167CE0D1D71C0A10006BE54 /* PBXContainerItemProxy */ = {
			isa = PBXContainerItemProxy;
			containerPortal = 3167CDED1D71C0A10006BE54 /* Project object */;
			proxyType = 1;
			remoteGlobalIDString = 3167CDF41D71C0A10006BE54;
			remoteInfo = CartCoreDataA1;
		};
		3167CE181D71C0A10006BE54 /* PBXContainerItemProxy */ = {
			isa = PBXContainerItemProxy;
			containerPortal = 3167CDED1D71C0A10006BE54 /* Project object */;
			proxyType = 1;
			remoteGlobalIDString = 3167CDF41D71C0A10006BE54;
			remoteInfo = CartCoreDataA1;
		};
/* End PBXContainerItemProxy section */

/* Begin PBXFileReference section */
		3167CDF51D71C0A10006BE54 /* CartCoreDataA1.app */ = {isa = PBXFileReference; explicitFileType = wrapper.application; includeInIndex = 0; path = CartCoreDataA1.app; sourceTree = BUILT_PRODUCTS_DIR; };
		3167CDF81D71C0A10006BE54 /* AppDelegate.swift */ = {isa = PBXFileReference; lastKnownFileType = sourcecode.swift; path = AppDelegate.swift; sourceTree = "<group>"; };
		3167CDFA1D71C0A10006BE54 /* ViewController.swift */ = {isa = PBXFileReference; lastKnownFileType = sourcecode.swift; path = ViewController.swift; sourceTree = "<group>"; };
		3167CDFD1D71C0A10006BE54 /* Base */ = {isa = PBXFileReference; lastKnownFileType = file.storyboard; name = Base; path = Base.lproj/Main.storyboard; sourceTree = "<group>"; };
		3167CE001D71C0A10006BE54 /* CartCoreDataA1.xcdatamodel */ = {isa = PBXFileReference; lastKnownFileType = wrapper.xcdatamodel; path = CartCoreDataA1.xcdatamodel; sourceTree = "<group>"; };
		3167CE021D71C0A10006BE54 /* Assets.xcassets */ = {isa = PBXFileReference; lastKnownFileType = folder.assetcatalog; path = Assets.xcassets; sourceTree = "<group>"; };
		3167CE051D71C0A10006BE54 /* Base */ = {isa = PBXFileReference; lastKnownFileType = file.storyboard; name = Base; path = Base.lproj/LaunchScreen.storyboard; sourceTree = "<group>"; };
		3167CE071D71C0A10006BE54 /* Info.plist */ = {isa = PBXFileReference; lastKnownFileType = text.plist.xml; path = Info.plist; sourceTree = "<group>"; };
		3167CE0C1D71C0A10006BE54 /* CartCoreDataA1Tests.xctest */ = {isa = PBXFileReference; explicitFileType = wrapper.cfbundle; includeInIndex = 0; path = CartCoreDataA1Tests.xctest; sourceTree = BUILT_PRODUCTS_DIR; };
		3167CE101D71C0A10006BE54 /* CartCoreDataA1Tests.swift */ = {isa = PBXFileReference; lastKnownFileType = sourcecode.swift; path = CartCoreDataA1Tests.swift; sourceTree = "<group>"; };
		3167CE121D71C0A10006BE54 /* Info.plist */ = {isa = PBXFileReference; lastKnownFileType = text.plist.xml; path = Info.plist; sourceTree = "<group>"; };
		3167CE171D71C0A10006BE54 /* CartCoreDataA1UITests.xctest */ = {isa = PBXFileReference; explicitFileType = wrapper.cfbundle; includeInIndex = 0; path = CartCoreDataA1UITests.xctest; sourceTree = BUILT_PRODUCTS_DIR; };
		3167CE1B1D71C0A10006BE54 /* CartCoreDataA1UITests.swift */ = {isa = PBXFileReference; lastKnownFileType = sourcecode.swift; path = CartCoreDataA1UITests.swift; sourceTree = "<group>"; };
		3167CE1D1D71C0A10006BE54 /* Info.plist */ = {isa = PBXFileReference; lastKnownFileType = text.plist.xml; path = Info.plist; sourceTree = "<group>"; };
		3167CE291D71C1CC0006BE54 /* Page1ViewController.swift */ = {isa = PBXFileReference; fileEncoding = 4; lastKnownFileType = sourcecode.swift; path = Page1ViewController.swift; sourceTree = "<group>"; };
		3167CE2B1D71C1D10006BE54 /* Page2ViewController.swift */ = {isa = PBXFileReference; fileEncoding = 4; lastKnownFileType = sourcecode.swift; path = Page2ViewController.swift; sourceTree = "<group>"; };
		3167CE2F1D71C22B0006BE54 /* PageOptionViewController.swift */ = {isa = PBXFileReference; fileEncoding = 4; lastKnownFileType = sourcecode.swift; path = PageOptionViewController.swift; sourceTree = "<group>"; };
		3167CE321D71C3BC0006BE54 /* Item+CoreDataProperties.swift */ = {isa = PBXFileReference; fileEncoding = 4; lastKnownFileType = sourcecode.swift; name = "Item+CoreDataProperties.swift"; path = "../Item+CoreDataProperties.swift"; sourceTree = "<group>"; };
		3167CE331D71C3BC0006BE54 /* Item.swift */ = {isa = PBXFileReference; fileEncoding = 4; lastKnownFileType = sourcecode.swift; name = Item.swift; path = ../Item.swift; sourceTree = "<group>"; };
		3167CE371D71C7FD0006BE54 /* PageProductViewController.swift */ = {isa = PBXFileReference; fileEncoding = 4; lastKnownFileType = sourcecode.swift; path = PageProductViewController.swift; sourceTree = "<group>"; };
		3167CE391D71CC480006BE54 /* PageColorViewController.swift */ = {isa = PBXFileReference; fileEncoding = 4; lastKnownFileType = sourcecode.swift; path = PageColorViewController.swift; sourceTree = "<group>"; };
		3167CE3B1D71CC4E0006BE54 /* PageSizeViewController.swift */ = {isa = PBXFileReference; fileEncoding = 4; lastKnownFileType = sourcecode.swift; path = PageSizeViewController.swift; sourceTree = "<group>"; };
		3167CE3D1D71CFDA0006BE54 /* Page2Cell0TableViewCell.swift */ = {isa = PBXFileReference; fileEncoding = 4; lastKnownFileType = sourcecode.swift; path = Page2Cell0TableViewCell.swift; sourceTree = "<group>"; };
		3167CE3F1D71E5240006BE54 /* GenaralClass.swift */ = {isa = PBXFileReference; fileEncoding = 4; lastKnownFileType = sourcecode.swift; path = GenaralClass.swift; sourceTree = "<group>"; };
		3167CE411D72E0370006BE54 /* PageOptionQuiltyTableViewCell.swift */ = {isa = PBXFileReference; fileEncoding = 4; lastKnownFileType = sourcecode.swift; path = PageOptionQuiltyTableViewCell.swift; sourceTree = "<group>"; };
/* End PBXFileReference section */

/* Begin PBXFrameworksBuildPhase section */
		3167CDF21D71C0A10006BE54 /* Frameworks */ = {
			isa = PBXFrameworksBuildPhase;
			buildActionMask = 2147483647;
			files = (
			);
			runOnlyForDeploymentPostprocessing = 0;
		};
		3167CE091D71C0A10006BE54 /* Frameworks */ = {
			isa = PBXFrameworksBuildPhase;
			buildActionMask = 2147483647;
			files = (
			);
			runOnlyForDeploymentPostprocessing = 0;
		};
		3167CE141D71C0A10006BE54 /* Frameworks */ = {
			isa = PBXFrameworksBuildPhase;
			buildActionMask = 2147483647;
			files = (
			);
			runOnlyForDeploymentPostprocessing = 0;
		};
/* End PBXFrameworksBuildPhase section */

/* Begin PBXGroup section */
		3167CDEC1D71C0A10006BE54 = {
			isa = PBXGroup;
			children = (
				3167CDF71D71C0A10006BE54 /* CartCoreDataA1 */,
				3167CE0F1D71C0A10006BE54 /* CartCoreDataA1Tests */,
				3167CE1A1D71C0A10006BE54 /* CartCoreDataA1UITests */,
				3167CDF61D71C0A10006BE54 /* Products */,
			);
			sourceTree = "<group>";
		};
		3167CDF61D71C0A10006BE54 /* Products */ = {
			isa = PBXGroup;
			children = (
				3167CDF51D71C0A10006BE54 /* CartCoreDataA1.app */,
				3167CE0C1D71C0A10006BE54 /* CartCoreDataA1Tests.xctest */,
				3167CE171D71C0A10006BE54 /* CartCoreDataA1UITests.xctest */,
			);
			name = Products;
			sourceTree = "<group>";
		};
		3167CDF71D71C0A10006BE54 /* CartCoreDataA1 */ = {
			isa = PBXGroup;
			children = (
				3167CE361D71C3C80006BE54 /* CoreData */,
				3167CDF81D71C0A10006BE54 /* AppDelegate.swift */,
				3167CDFA1D71C0A10006BE54 /* ViewController.swift */,
				3167CE2D1D71C2190006BE54 /* Page1 */,
				3167CE2E1D71C21E0006BE54 /* Page2 */,
				3167CDFC1D71C0A10006BE54 /* Main.storyboard */,
				3167CE3F1D71E5240006BE54 /* GenaralClass.swift */,
				3167CE021D71C0A10006BE54 /* Assets.xcassets */,
				3167CE041D71C0A10006BE54 /* LaunchScreen.storyboard */,
				3167CE071D71C0A10006BE54 /* Info.plist */,
				3167CDFF1D71C0A10006BE54 /* CartCoreDataA1.xcdatamodeld */,
			);
			path = CartCoreDataA1;
			sourceTree = "<group>";
		};
		3167CE0F1D71C0A10006BE54 /* CartCoreDataA1Tests */ = {
			isa = PBXGroup;
			children = (
				3167CE101D71C0A10006BE54 /* CartCoreDataA1Tests.swift */,
				3167CE121D71C0A10006BE54 /* Info.plist */,
			);
			path = CartCoreDataA1Tests;
			sourceTree = "<group>";
		};
		3167CE1A1D71C0A10006BE54 /* CartCoreDataA1UITests */ = {
			isa = PBXGroup;
			children = (
				3167CE1B1D71C0A10006BE54 /* CartCoreDataA1UITests.swift */,
				3167CE1D1D71C0A10006BE54 /* Info.plist */,
			);
			path = CartCoreDataA1UITests;
			sourceTree = "<group>";
		};
		3167CE2D1D71C2190006BE54 /* Page1 */ = {
			isa = PBXGroup;
			children = (
				3167CE291D71C1CC0006BE54 /* Page1ViewController.swift */,
				3167CE311D71C3110006BE54 /* PageOption */,
			);
			name = Page1;
			sourceTree = "<group>";
		};
		3167CE2E1D71C21E0006BE54 /* Page2 */ = {
			isa = PBXGroup;
			children = (
				3167CE2B1D71C1D10006BE54 /* Page2ViewController.swift */,
				3167CE3D1D71CFDA0006BE54 /* Page2Cell0TableViewCell.swift */,
			);
			name = Page2;
			sourceTree = "<group>";
		};
		3167CE311D71C3110006BE54 /* PageOption */ = {
			isa = PBXGroup;
			children = (
				3167CE2F1D71C22B0006BE54 /* PageOptionViewController.swift */,
				3167CE371D71C7FD0006BE54 /* PageProductViewController.swift */,
				3167CE391D71CC480006BE54 /* PageColorViewController.swift */,
				3167CE3B1D71CC4E0006BE54 /* PageSizeViewController.swift */,
				3167CE411D72E0370006BE54 /* PageOptionQuiltyTableViewCell.swift */,
			);
			name = PageOption;
			sourceTree = "<group>";
		};
		3167CE361D71C3C80006BE54 /* CoreData */ = {
			isa = PBXGroup;
			children = (
				3167CE321D71C3BC0006BE54 /* Item+CoreDataProperties.swift */,
				3167CE331D71C3BC0006BE54 /* Item.swift */,
			);
			name = CoreData;
			sourceTree = "<group>";
		};
/* End PBXGroup section */

/* Begin PBXNativeTarget section */
		3167CDF41D71C0A10006BE54 /* CartCoreDataA1 */ = {
			isa = PBXNativeTarget;
			buildConfigurationList = 3167CE201D71C0A10006BE54 /* Build configuration list for PBXNativeTarget "CartCoreDataA1" */;
			buildPhases = (
				3167CDF11D71C0A10006BE54 /* Sources */,
				3167CDF21D71C0A10006BE54 /* Frameworks */,
				3167CDF31D71C0A10006BE54 /* Resources */,
			);
			buildRules = (
			);
			dependencies = (
			);
			name = CartCoreDataA1;
			productName = CartCoreDataA1;
			productReference = 3167CDF51D71C0A10006BE54 /* CartCoreDataA1.app */;
			productType = "com.apple.product-type.application";
		};
		3167CE0B1D71C0A10006BE54 /* CartCoreDataA1Tests */ = {
			isa = PBXNativeTarget;
			buildConfigurationList = 3167CE231D71C0A10006BE54 /* Build configuration list for PBXNativeTarget "CartCoreDataA1Tests" */;
			buildPhases = (
				3167CE081D71C0A10006BE54 /* Sources */,
				3167CE091D71C0A10006BE54 /* Frameworks */,
				3167CE0A1D71C0A10006BE54 /* Resources */,
			);
			buildRules = (
			);
			dependencies = (
				3167CE0E1D71C0A10006BE54 /* PBXTargetDependency */,
			);
			name = CartCoreDataA1Tests;
			productName = CartCoreDataA1Tests;
			productReference = 3167CE0C1D71C0A10006BE54 /* CartCoreDataA1Tests.xctest */;
			productType = "com.apple.product-type.bundle.unit-test";
		};
		3167CE161D71C0A10006BE54 /* CartCoreDataA1UITests */ = {
			isa = PBXNativeTarget;
			buildConfigurationList = 3167CE261D71C0A10006BE54 /* Build configuration list for PBXNativeTarget "CartCoreDataA1UITests" */;
			buildPhases = (
				3167CE131D71C0A10006BE54 /* Sources */,
				3167CE141D71C0A10006BE54 /* Frameworks */,
				3167CE151D71C0A10006BE54 /* Resources */,
			);
			buildRules = (
			);
			dependencies = (
				3167CE191D71C0A10006BE54 /* PBXTargetDependency */,
			);
			name = CartCoreDataA1UITests;
			productName = CartCoreDataA1UITests;
			productReference = 3167CE171D71C0A10006BE54 /* CartCoreDataA1UITests.xctest */;
			productType = "com.apple.product-type.bundle.ui-testing";
		};
/* End PBXNativeTarget section */

/* Begin PBXProject section */
		3167CDED1D71C0A10006BE54 /* Project object */ = {
			isa = PBXProject;
			attributes = {
				LastSwiftUpdateCheck = 0730;
				LastUpgradeCheck = 0730;
				ORGANIZATIONNAME = "Jakkawad Chaiplee";
				TargetAttributes = {
					3167CDF41D71C0A10006BE54 = {
						CreatedOnToolsVersion = 7.3.1;
						DevelopmentTeam = Z32K7UXVG2;
					};
					3167CE0B1D71C0A10006BE54 = {
						CreatedOnToolsVersion = 7.3.1;
						DevelopmentTeam = Z32K7UXVG2;
						TestTargetID = 3167CDF41D71C0A10006BE54;
					};
					3167CE161D71C0A10006BE54 = {
						CreatedOnToolsVersion = 7.3.1;
						DevelopmentTeam = Z32K7UXVG2;
						TestTargetID = 3167CDF41D71C0A10006BE54;
					};
				};
			};
			buildConfigurationList = 3167CDF01D71C0A10006BE54 /* Build configuration list for PBXProject "CartCoreDataA1" */;
			compatibilityVersion = "Xcode 3.2";
			developmentRegion = English;
			hasScannedForEncodings = 0;
			knownRegions = (
				en,
				Base,
			);
			mainGroup = 3167CDEC1D71C0A10006BE54;
			productRefGroup = 3167CDF61D71C0A10006BE54 /* Products */;
			projectDirPath = "";
			projectRoot = "";
			targets = (
				3167CDF41D71C0A10006BE54 /* CartCoreDataA1 */,
				3167CE0B1D71C0A10006BE54 /* CartCoreDataA1Tests */,
				3167CE161D71C0A10006BE54 /* CartCoreDataA1UITests */,
			);
		};
/* End PBXProject section */

/* Begin PBXResourcesBuildPhase section */
		3167CDF31D71C0A10006BE54 /* Resources */ = {
			isa = PBXResourcesBuildPhase;
			buildActionMask = 2147483647;
			files = (
				3167CE061D71C0A10006BE54 /* LaunchScreen.storyboard in Resources */,
				3167CE031D71C0A10006BE54 /* Assets.xcassets in Resources */,
				3167CDFE1D71C0A10006BE54 /* Main.storyboard in Resources */,
			);
			runOnlyForDeploymentPostprocessing = 0;
		};
		3167CE0A1D71C0A10006BE54 /* Resources */ = {
			isa = PBXResourcesBuildPhase;
			buildActionMask = 2147483647;
			files = (
			);
			runOnlyForDeploymentPostprocessing = 0;
		};
		3167CE151D71C0A10006BE54 /* Resources */ = {
			isa = PBXResourcesBuildPhase;
			buildActionMask = 2147483647;
			files = (
			);
			runOnlyForDeploymentPostprocessing = 0;
		};
/* End PBXResourcesBuildPhase section */

/* Begin PBXSourcesBuildPhase section */
		3167CDF11D71C0A10006BE54 /* Sources */ = {
			isa = PBXSourcesBuildPhase;
			buildActionMask = 2147483647;
			files = (
				3167CE341D71C3BC0006BE54 /* Item+CoreDataProperties.swift in Sources */,
				3167CE2C1D71C1D10006BE54 /* Page2ViewController.swift in Sources */,
				3167CE3E1D71CFDA0006BE54 /* Page2Cell0TableViewCell.swift in Sources */,
				3167CE011D71C0A10006BE54 /* CartCoreDataA1.xcdatamodeld in Sources */,
				3167CE2A1D71C1CC0006BE54 /* Page1ViewController.swift in Sources */,
				3167CE381D71C7FD0006BE54 /* PageProductViewController.swift in Sources */,
				3167CE401D71E5240006BE54 /* GenaralClass.swift in Sources */,
				3167CE351D71C3BC0006BE54 /* Item.swift in Sources */,
				3167CDFB1D71C0A10006BE54 /* ViewController.swift in Sources */,
				3167CE3A1D71CC480006BE54 /* PageColorViewController.swift in Sources */,
				3167CE301D71C22B0006BE54 /* PageOptionViewController.swift in Sources */,
				3167CE421D72E0370006BE54 /* PageOptionQuiltyTableViewCell.swift in Sources */,
				3167CE3C1D71CC4E0006BE54 /* PageSizeViewController.swift in Sources */,
				3167CDF91D71C0A10006BE54 /* AppDelegate.swift in Sources */,
			);
			runOnlyForDeploymentPostprocessing = 0;
		};
		3167CE081D71C0A10006BE54 /* Sources */ = {
			isa = PBXSourcesBuildPhase;
			buildActionMask = 2147483647;
			files = (
				3167CE111D71C0A10006BE54 /* CartCoreDataA1Tests.swift in Sources */,
			);
			runOnlyForDeploymentPostprocessing = 0;
		};
		3167CE131D71C0A10006BE54 /* Sources */ = {
			isa = PBXSourcesBuildPhase;
			buildActionMask = 2147483647;
			files = (
				3167CE1C1D71C0A10006BE54 /* CartCoreDataA1UITests.swift in Sources */,
			);
			runOnlyForDeploymentPostprocessing = 0;
		};
/* End PBXSourcesBuildPhase section */

/* Begin PBXTargetDependency section */
		3167CE0E1D71C0A10006BE54 /* PBXTargetDependency */ = {
			isa = PBXTargetDependency;
			target = 3167CDF41D71C0A10006BE54 /* CartCoreDataA1 */;
			targetProxy = 3167CE0D1D71C0A10006BE54 /* PBXContainerItemProxy */;
		};
		3167CE191D71C0A10006BE54 /* PBXTargetDependency */ = {
			isa = PBXTargetDependency;
			target = 3167CDF41D71C0A10006BE54 /* CartCoreDataA1 */;
			targetProxy = 3167CE181D71C0A10006BE54 /* PBXContainerItemProxy */;
		};
/* End PBXTargetDependency section */

/* Begin PBXVariantGroup section */
		3167CDFC1D71C0A10006BE54 /* Main.storyboard */ = {
			isa = PBXVariantGroup;
			children = (
				3167CDFD1D71C0A10006BE54 /* Base */,
			);
			name = Main.storyboard;
			sourceTree = "<group>";
		};
		3167CE041D71C0A10006BE54 /* LaunchScreen.storyboard */ = {
			isa = PBXVariantGroup;
			children = (
				3167CE051D71C0A10006BE54 /* Base */,
			);
			name = LaunchScreen.storyboard;
			sourceTree = "<group>";
		};
/* End PBXVariantGroup section */

/* Begin XCBuildConfiguration section */
		3167CE1E1D71C0A10006BE54 /* Debug */ = {
			isa = XCBuildConfiguration;
			buildSettings = {
				ALWAYS_SEARCH_USER_PATHS = NO;
				CLANG_ANALYZER_NONNULL = YES;
				CLANG_CXX_LANGUAGE_STANDARD = "gnu++0x";
				CLANG_CXX_LIBRARY = "libc++";
				CLANG_ENABLE_MODULES = YES;
				CLANG_ENABLE_OBJC_ARC = YES;
				CLANG_WARN_BOOL_CONVERSION = YES;
				CLANG_WARN_CONSTANT_CONVERSION = YES;
				CLANG_WARN_DIRECT_OBJC_ISA_USAGE = YES_ERROR;
				CLANG_WARN_EMPTY_BODY = YES;
				CLANG_WARN_ENUM_CONVERSION = YES;
				CLANG_WARN_INT_CONVERSION = YES;
				CLANG_WARN_OBJC_ROOT_CLASS = YES_ERROR;
				CLANG_WARN_UNREACHABLE_CODE = YES;
				CLANG_WARN__DUPLICATE_METHOD_MATCH = YES;
				"CODE_SIGN_IDENTITY[sdk=iphoneos*]" = "iPhone Developer";
				COPY_PHASE_STRIP = NO;
				DEBUG_INFORMATION_FORMAT = dwarf;
				ENABLE_STRICT_OBJC_MSGSEND = YES;
				ENABLE_TESTABILITY = YES;
				GCC_C_LANGUAGE_STANDARD = gnu99;
				GCC_DYNAMIC_NO_PIC = NO;
				GCC_NO_COMMON_BLOCKS = YES;
				GCC_OPTIMIZATION_LEVEL = 0;
				GCC_PREPROCESSOR_DEFINITIONS = (
					"DEBUG=1",
					"$(inherited)",
				);
				GCC_WARN_64_TO_32_BIT_CONVERSION = YES;
				GCC_WARN_ABOUT_RETURN_TYPE = YES_ERROR;
				GCC_WARN_UNDECLARED_SELECTOR = YES;
				GCC_WARN_UNINITIALIZED_AUTOS = YES_AGGRESSIVE;
				GCC_WARN_UNUSED_FUNCTION = YES;
				GCC_WARN_UNUSED_VARIABLE = YES;
				IPHONEOS_DEPLOYMENT_TARGET = 9.3;
				MTL_ENABLE_DEBUG_INFO = YES;
				ONLY_ACTIVE_ARCH = YES;
				SDKROOT = iphoneos;
				SWIFT_OPTIMIZATION_LEVEL = "-Onone";
			};
			name = Debug;
		};
		3167CE1F1D71C0A10006BE54 /* Release */ = {
			isa = XCBuildConfiguration;
			buildSettings = {
				ALWAYS_SEARCH_USER_PATHS = NO;
				CLANG_ANALYZER_NONNULL = YES;
				CLANG_CXX_LANGUAGE_STANDARD = "gnu++0x";
				CLANG_CXX_LIBRARY = "libc++";
				CLANG_ENABLE_MODULES = YES;
				CLANG_ENABLE_OBJC_ARC = YES;
				CLANG_WARN_BOOL_CONVERSION = YES;
				CLANG_WARN_CONSTANT_CONVERSION = YES;
				CLANG_WARN_DIRECT_OBJC_ISA_USAGE = YES_ERROR;
				CLANG_WARN_EMPTY_BODY = YES;
				CLANG_WARN_ENUM_CONVERSION = YES;
				CLANG_WARN_INT_CONVERSION = YES;
				CLANG_WARN_OBJC_ROOT_CLASS = YES_ERROR;
				CLANG_WARN_UNREACHABLE_CODE = YES;
				CLANG_WARN__DUPLICATE_METHOD_MATCH = YES;
				"CODE_SIGN_IDENTITY[sdk=iphoneos*]" = "iPhone Developer";
				COPY_PHASE_STRIP = NO;
				DEBUG_INFORMATION_FORMAT = "dwarf-with-dsym";
				ENABLE_NS_ASSERTIONS = NO;
				ENABLE_STRICT_OBJC_MSGSEND = YES;
				GCC_C_LANGUAGE_STANDARD = gnu99;
				GCC_NO_COMMON_BLOCKS = YES;
				GCC_WARN_64_TO_32_BIT_CONVERSION = YES;
				GCC_WARN_ABOUT_RETURN_TYPE = YES_ERROR;
				GCC_WARN_UNDECLARED_SELECTOR = YES;
				GCC_WARN_UNINITIALIZED_AUTOS = YES_AGGRESSIVE;
				GCC_WARN_UNUSED_FUNCTION = YES;
				GCC_WARN_UNUSED_VARIABLE = YES;
				IPHONEOS_DEPLOYMENT_TARGET = 9.3;
				MTL_ENABLE_DEBUG_INFO = NO;
				SDKROOT = iphoneos;
				VALIDATE_PRODUCT = YES;
			};
			name = Release;
		};
		3167CE211D71C0A10006BE54 /* Debug */ = {
			isa = XCBuildConfiguration;
			buildSettings = {
				ASSETCATALOG_COMPILER_APPICON_NAME = AppIcon;
				INFOPLIST_FILE = CartCoreDataA1/Info.plist;
				LD_RUNPATH_SEARCH_PATHS = "$(inherited) @executable_path/Frameworks";
				PRODUCT_BUNDLE_IDENTIFIER = "com.sunny-juof.CartCoreDataA1";
				PRODUCT_NAME = "$(TARGET_NAME)";
			};
			name = Debug;
		};
		3167CE221D71C0A10006BE54 /* Release */ = {
			isa = XCBuildConfiguration;
			buildSettings = {
				ASSETCATALOG_COMPILER_APPICON_NAME = AppIcon;
				INFOPLIST_FILE = CartCoreDataA1/Info.plist;
				LD_RUNPATH_SEARCH_PATHS = "$(inherited) @executable_path/Frameworks";
				PRODUCT_BUNDLE_IDENTIFIER = "com.sunny-juof.CartCoreDataA1";
				PRODUCT_NAME = "$(TARGET_NAME)";
			};
			name = Release;
		};
		3167CE241D71C0A10006BE54 /* Debug */ = {
			isa = XCBuildConfiguration;
			buildSettings = {
				BUNDLE_LOADER = "$(TEST_HOST)";
				INFOPLIST_FILE = CartCoreDataA1Tests/Info.plist;
				LD_RUNPATH_SEARCH_PATHS = "$(inherited) @executable_path/Frameworks @loader_path/Frameworks";
				PRODUCT_BUNDLE_IDENTIFIER = "com.sunny-juof.CartCoreDataA1Tests";
				PRODUCT_NAME = "$(TARGET_NAME)";
				TEST_HOST = "$(BUILT_PRODUCTS_DIR)/CartCoreDataA1.app/CartCoreDataA1";
			};
			name = Debug;
		};
		3167CE251D71C0A10006BE54 /* Release */ = {
			isa = XCBuildConfiguration;
			buildSettings = {
				BUNDLE_LOADER = "$(TEST_HOST)";
				INFOPLIST_FILE = CartCoreDataA1Tests/Info.plist;
				LD_RUNPATH_SEARCH_PATHS = "$(inherited) @executable_path/Frameworks @loader_path/Frameworks";
				PRODUCT_BUNDLE_IDENTIFIER = "com.sunny-juof.CartCoreDataA1Tests";
				PRODUCT_NAME = "$(TARGET_NAME)";
				TEST_HOST = "$(BUILT_PRODUCTS_DIR)/CartCoreDataA1.app/CartCoreDataA1";
			};
			name = Release;
		};
		3167CE271D71C0A10006BE54 /* Debug */ = {
			isa = XCBuildConfiguration;
			buildSettings = {
				INFOPLIST_FILE = CartCoreDataA1UITests/Info.plist;
				LD_RUNPATH_SEARCH_PATHS = "$(inherited) @executable_path/Frameworks @loader_path/Frameworks";
				PRODUCT_BUNDLE_IDENTIFIER = "com.sunny-juof.CartCoreDataA1UITests";
				PRODUCT_NAME = "$(TARGET_NAME)";
				TEST_TARGET_NAME = CartCoreDataA1;
			};
			name = Debug;
		};
		3167CE281D71C0A10006BE54 /* Release */ = {
			isa = XCBuildConfiguration;
			buildSettings = {
				INFOPLIST_FILE = CartCoreDataA1UITests/Info.plist;
				LD_RUNPATH_SEARCH_PATHS = "$(inherited) @executable_path/Frameworks @loader_path/Frameworks";
				PRODUCT_BUNDLE_IDENTIFIER = "com.sunny-juof.CartCoreDataA1UITests";
				PRODUCT_NAME = "$(TARGET_NAME)";
				TEST_TARGET_NAME = CartCoreDataA1;
			};
			name = Release;
		};
/* End XCBuildConfiguration section */

/* Begin XCConfigurationList section */
		3167CDF01D71C0A10006BE54 /* Build configuration list for PBXProject "CartCoreDataA1" */ = {
			isa = XCConfigurationList;
			buildConfigurations = (
				3167CE1E1D71C0A10006BE54 /* Debug */,
				3167CE1F1D71C0A10006BE54 /* Release */,
			);
			defaultConfigurationIsVisible = 0;
			defaultConfigurationName = Release;
		};
		3167CE201D71C0A10006BE54 /* Build configuration list for PBXNativeTarget "CartCoreDataA1" */ = {
			isa = XCConfigurationList;
			buildConfigurations = (
				3167CE211D71C0A10006BE54 /* Debug */,
				3167CE221D71C0A10006BE54 /* Release */,
			);
			defaultConfigurationIsVisible = 0;
		};
		3167CE231D71C0A10006BE54 /* Build configuration list for PBXNativeTarget "CartCoreDataA1Tests" */ = {
			isa = XCConfigurationList;
			buildConfigurations = (
				3167CE241D71C0A10006BE54 /* Debug */,
				3167CE251D71C0A10006BE54 /* Release */,
			);
			defaultConfigurationIsVisible = 0;
		};
		3167CE261D71C0A10006BE54 /* Build configuration list for PBXNativeTarget "CartCoreDataA1UITests" */ = {
			isa = XCConfigurationList;
			buildConfigurations = (
				3167CE271D71C0A10006BE54 /* Debug */,
				3167CE281D71C0A10006BE54 /* Release */,
			);
			defaultConfigurationIsVisible = 0;
		};
/* End XCConfigurationList section */

/* Begin XCVersionGroup section */
		3167CDFF1D71C0A10006BE54 /* CartCoreDataA1.xcdatamodeld */ = {
			isa = XCVersionGroup;
			children = (
				3167CE001D71C0A10006BE54 /* CartCoreDataA1.xcdatamodel */,
			);
			currentVersion = 3167CE001D71C0A10006BE54 /* CartCoreDataA1.xcdatamodel */;
			path = CartCoreDataA1.xcdatamodeld;
			sourceTree = "<group>";
			versionGroupType = wrapper.xcdatamodel;
		};
/* End XCVersionGroup section */
	};
	rootObject = 3167CDED1D71C0A10006BE54 /* Project object */;
}
